
Microsoft Visual Studio Solution File, Format Version 12.00
# Visual Studio 15
VisualStudioVersion = 15.0.26730.3
MinimumVisualStudioVersion = 10.0.40219.1
Project("{9A19103F-16F7-4668-BE54-9A1E7A4F7556}") = "AgileCode.SimpleEventProcessor", "AgileCode.SimpleEventProcessor\AgileCode.SimpleEventProcessor.csproj", "{65B3D64E-CCFB-4F62-8391-D1406A31A048}"
EndProject
Project("{FAE04EC0-301F-11D3-BF4B-00C04F79EFBC}") = "AgileCode.SimpleEventProcessor.Tests", "AgileCode.SimpleEventProcessor.Tests\AgileCode.SimpleEventProcessor.Tests.csproj", "{04A5AA22-7899-4DDA-930F-F115C2DB8F28}"
	ProjectSection(ProjectDependencies) = postProject
		{65B3D64E-CCFB-4F62-8391-D1406A31A048} = {65B3D64E-CCFB-4F62-8391-D1406A31A048}
	EndProjectSection
EndProject
Global
	GlobalSection(SolutionConfigurationPlatforms) = preSolution
		Debug|Any CPU = Debug|Any CPU
		Release|Any CPU = Release|Any CPU
	EndGlobalSection
	GlobalSection(ProjectConfigurationPlatforms) = postSolution
		{65B3D64E-CCFB-4F62-8391-D1406A31A048}.Debug|Any CPU.ActiveCfg = Debug|Any CPU
		{65B3D64E-CCFB-4F62-8391-D1406A31A048}.Debug|Any CPU.Build.0 = Debug|Any CPU
		{65B3D64E-CCFB-4F62-8391-D1406A31A048}.Release|Any CPU.ActiveCfg = Release|Any CPU
		{65B3D64E-CCFB-4F62-8391-D1406A31A048}.Release|Any CPU.Build.0 = Release|Any CPU
		{04A5AA22-7899-4DDA-930F-F115C2DB8F28}.Debug|Any CPU.ActiveCfg = Debug|Any CPU
		{04A5AA22-7899-4DDA-930F-F115C2DB8F28}.Debug|Any CPU.Build.0 = Debug|Any CPU
		{04A5AA22-7899-4DDA-930F-F115C2DB8F28}.Release|Any CPU.ActiveCfg = Release|Any CPU
		{04A5AA22-7899-4DDA-930F-F115C2DB8F28}.Release|Any CPU.Build.0 = Release|Any CPU
	EndGlobalSection
	GlobalSection(SolutionProperties) = preSolution
		HideSolutionNode = FALSE
	EndGlobalSection
	GlobalSection(ExtensibilityGlobals) = postSolution
		SolutionGuid = {9DB8E896-462A-4DE3-9634-115F5B3C9414}
	EndGlobalSection
EndGlobal
